// !$*UTF8*$!
{
	archiveVersion = 1;
	classes = {
	};
	objectVersion = 50;
	objects = {

/* Begin PBXBuildFile section */
		D5D6B7F42696D66200439824 /* AppDelegate.swift in Sources */ = {isa = PBXBuildFile; fileRef = D5D6B7F32696D66200439824 /* AppDelegate.swift */; };
		D5D6B7F62696D66200439824 /* SceneDelegate.swift in Sources */ = {isa = PBXBuildFile; fileRef = D5D6B7F52696D66200439824 /* SceneDelegate.swift */; };
		D5D6B7F82696D66200439824 /* ViewController.swift in Sources */ = {isa = PBXBuildFile; fileRef = D5D6B7F72696D66200439824 /* ViewController.swift */; };
		D5D6B7FB2696D66200439824 /* Main.storyboard in Resources */ = {isa = PBXBuildFile; fileRef = D5D6B7F92696D66200439824 /* Main.storyboard */; };
		D5D6B7FD2696D66400439824 /* Assets.xcassets in Resources */ = {isa = PBXBuildFile; fileRef = D5D6B7FC2696D66400439824 /* Assets.xcassets */; };
		D5D6B8002696D66400439824 /* LaunchScreen.storyboard in Resources */ = {isa = PBXBuildFile; fileRef = D5D6B7FE2696D66400439824 /* LaunchScreen.storyboard */; };
		D5D6B80B2696D66500439824 /* safe_toolkit_iosTests.swift in Sources */ = {isa = PBXBuildFile; fileRef = D5D6B80A2696D66500439824 /* safe_toolkit_iosTests.swift */; };
		D5D6B8162696D66500439824 /* safe_toolkit_iosUITests.swift in Sources */ = {isa = PBXBuildFile; fileRef = D5D6B8152696D66500439824 /* safe_toolkit_iosUITests.swift */; };
/* End PBXBuildFile section */

/* Begin PBXContainerItemProxy section */
		D5D6B8072696D66500439824 /* PBXContainerItemProxy */ = {
			isa = PBXContainerItemProxy;
			containerPortal = D5D6B7E82696D66200439824 /* Project object */;
			proxyType = 1;
			remoteGlobalIDString = D5D6B7EF2696D66200439824;
			remoteInfo = safe_toolkit_ios;
		};
		D5D6B8122696D66500439824 /* PBXContainerItemProxy */ = {
			isa = PBXContainerItemProxy;
			containerPortal = D5D6B7E82696D66200439824 /* Project object */;
			proxyType = 1;
			remoteGlobalIDString = D5D6B7EF2696D66200439824;
			remoteInfo = safe_toolkit_ios;
		};
/* End PBXContainerItemProxy section */

/* Begin PBXFileReference section */
		D5D6B7F02696D66200439824 /* safe_toolkit_ios.app */ = {isa = PBXFileReference; explicitFileType = wrapper.application; includeInIndex = 0; path = safe_toolkit_ios.app; sourceTree = BUILT_PRODUCTS_DIR; };
		D5D6B7F32696D66200439824 /* AppDelegate.swift */ = {isa = PBXFileReference; lastKnownFileType = sourcecode.swift; path = AppDelegate.swift; sourceTree = "<group>"; };
		D5D6B7F52696D66200439824 /* SceneDelegate.swift */ = {isa = PBXFileReference; lastKnownFileType = sourcecode.swift; path = SceneDelegate.swift; sourceTree = "<group>"; };
		D5D6B7F72696D66200439824 /* ViewController.swift */ = {isa = PBXFileReference; lastKnownFileType = sourcecode.swift; path = ViewController.swift; sourceTree = "<group>"; };
		D5D6B7FA2696D66200439824 /* Base */ = {isa = PBXFileReference; lastKnownFileType = file.storyboard; name = Base; path = Base.lproj/Main.storyboard; sourceTree = "<group>"; };
		D5D6B7FC2696D66400439824 /* Assets.xcassets */ = {isa = PBXFileReference; lastKnownFileType = folder.assetcatalog; path = Assets.xcassets; sourceTree = "<group>"; };
		D5D6B7FF2696D66400439824 /* Base */ = {isa = PBXFileReference; lastKnownFileType = file.storyboard; name = Base; path = Base.lproj/LaunchScreen.storyboard; sourceTree = "<group>"; };
		D5D6B8012696D66400439824 /* Info.plist */ = {isa = PBXFileReference; lastKnownFileType = text.plist.xml; path = Info.plist; sourceTree = "<group>"; };
		D5D6B8062696D66500439824 /* safe_toolkit_iosTests.xctest */ = {isa = PBXFileReference; explicitFileType = wrapper.cfbundle; includeInIndex = 0; path = safe_toolkit_iosTests.xctest; sourceTree = BUILT_PRODUCTS_DIR; };
		D5D6B80A2696D66500439824 /* safe_toolkit_iosTests.swift */ = {isa = PBXFileReference; lastKnownFileType = sourcecode.swift; path = safe_toolkit_iosTests.swift; sourceTree = "<group>"; };
		D5D6B80C2696D66500439824 /* Info.plist */ = {isa = PBXFileReference; lastKnownFileType = text.plist.xml; path = Info.plist; sourceTree = "<group>"; };
		D5D6B8112696D66500439824 /* safe_toolkit_iosUITests.xctest */ = {isa = PBXFileReference; explicitFileType = wrapper.cfbundle; includeInIndex = 0; path = safe_toolkit_iosUITests.xctest; sourceTree = BUILT_PRODUCTS_DIR; };
		D5D6B8152696D66500439824 /* safe_toolkit_iosUITests.swift */ = {isa = PBXFileReference; lastKnownFileType = sourcecode.swift; path = safe_toolkit_iosUITests.swift; sourceTree = "<group>"; };
		D5D6B8172696D66500439824 /* Info.plist */ = {isa = PBXFileReference; lastKnownFileType = text.plist.xml; path = Info.plist; sourceTree = "<group>"; };
/* End PBXFileReference section */

/* Begin PBXFrameworksBuildPhase section */
		D5D6B7ED2696D66200439824 /* Frameworks */ = {
			isa = PBXFrameworksBuildPhase;
			buildActionMask = 2147483647;
			files = (
			);
			runOnlyForDeploymentPostprocessing = 0;
		};
		D5D6B8032696D66500439824 /* Frameworks */ = {
			isa = PBXFrameworksBuildPhase;
			buildActionMask = 2147483647;
			files = (
			);
			runOnlyForDeploymentPostprocessing = 0;
		};
		D5D6B80E2696D66500439824 /* Frameworks */ = {
			isa = PBXFrameworksBuildPhase;
			buildActionMask = 2147483647;
			files = (
			);
			runOnlyForDeploymentPostprocessing = 0;
		};
/* End PBXFrameworksBuildPhase section */

/* Begin PBXGroup section */
		D5D6B7E72696D66200439824 = {
			isa = PBXGroup;
			children = (
				D5D6B7F22696D66200439824 /* safe_toolkit_ios */,
				D5D6B8092696D66500439824 /* safe_toolkit_iosTests */,
				D5D6B8142696D66500439824 /* safe_toolkit_iosUITests */,
				D5D6B7F12696D66200439824 /* Products */,
			);
			sourceTree = "<group>";
		};
		D5D6B7F12696D66200439824 /* Products */ = {
			isa = PBXGroup;
			children = (
				D5D6B7F02696D66200439824 /* safe_toolkit_ios.app */,
				D5D6B8062696D66500439824 /* safe_toolkit_iosTests.xctest */,
				D5D6B8112696D66500439824 /* safe_toolkit_iosUITests.xctest */,
			);
			name = Products;
			sourceTree = "<group>";
		};
		D5D6B7F22696D66200439824 /* safe_toolkit_ios */ = {
			isa = PBXGroup;
			children = (
				D5D6B7F32696D66200439824 /* AppDelegate.swift */,
				D5D6B7F52696D66200439824 /* SceneDelegate.swift */,
				D5D6B7F72696D66200439824 /* ViewController.swift */,
				D5D6B7F92696D66200439824 /* Main.storyboard */,
				D5D6B7FC2696D66400439824 /* Assets.xcassets */,
				D5D6B7FE2696D66400439824 /* LaunchScreen.storyboard */,
				D5D6B8012696D66400439824 /* Info.plist */,
			);
			path = safe_toolkit_ios;
			sourceTree = "<group>";
		};
		D5D6B8092696D66500439824 /* safe_toolkit_iosTests */ = {
			isa = PBXGroup;
			children = (
				D5D6B80A2696D66500439824 /* safe_toolkit_iosTests.swift */,
				D5D6B80C2696D66500439824 /* Info.plist */,
			);
			path = safe_toolkit_iosTests;
			sourceTree = "<group>";
		};
		D5D6B8142696D66500439824 /* safe_toolkit_iosUITests */ = {
			isa = PBXGroup;
			children = (
				D5D6B8152696D66500439824 /* safe_toolkit_iosUITests.swift */,
				D5D6B8172696D66500439824 /* Info.plist */,
			);
			path = safe_toolkit_iosUITests;
			sourceTree = "<group>";
		};
/* End PBXGroup section */

/* Begin PBXNativeTarget section */
		D5D6B7EF2696D66200439824 /* safe_toolkit_ios */ = {
			isa = PBXNativeTarget;
			buildConfigurationList = D5D6B81A2696D66500439824 /* Build configuration list for PBXNativeTarget "safe_toolkit_ios" */;
			buildPhases = (
				D5D6B7EC2696D66200439824 /* Sources */,
				D5D6B7ED2696D66200439824 /* Frameworks */,
				D5D6B7EE2696D66200439824 /* Resources */,
			);
			buildRules = (
			);
			dependencies = (
			);
			name = safe_toolkit_ios;
			productName = safe_toolkit_ios;
			productReference = D5D6B7F02696D66200439824 /* safe_toolkit_ios.app */;
			productType = "com.apple.product-type.application";
		};
		D5D6B8052696D66500439824 /* safe_toolkit_iosTests */ = {
			isa = PBXNativeTarget;
			buildConfigurationList = D5D6B81D2696D66500439824 /* Build configuration list for PBXNativeTarget "safe_toolkit_iosTests" */;
			buildPhases = (
				D5D6B8022696D66500439824 /* Sources */,
				D5D6B8032696D66500439824 /* Frameworks */,
				D5D6B8042696D66500439824 /* Resources */,
			);
			buildRules = (
			);
			dependencies = (
				D5D6B8082696D66500439824 /* PBXTargetDependency */,
			);
			name = safe_toolkit_iosTests;
			productName = safe_toolkit_iosTests;
			productReference = D5D6B8062696D66500439824 /* safe_toolkit_iosTests.xctest */;
			productType = "com.apple.product-type.bundle.unit-test";
		};
		D5D6B8102696D66500439824 /* safe_toolkit_iosUITests */ = {
			isa = PBXNativeTarget;
			buildConfigurationList = D5D6B8202696D66500439824 /* Build configuration list for PBXNativeTarget "safe_toolkit_iosUITests" */;
			buildPhases = (
				D5D6B80D2696D66500439824 /* Sources */,
				D5D6B80E2696D66500439824 /* Frameworks */,
				D5D6B80F2696D66500439824 /* Resources */,
			);
			buildRules = (
			);
			dependencies = (
				D5D6B8132696D66500439824 /* PBXTargetDependency */,
			);
			name = safe_toolkit_iosUITests;
			productName = safe_toolkit_iosUITests;
			productReference = D5D6B8112696D66500439824 /* safe_toolkit_iosUITests.xctest */;
			productType = "com.apple.product-type.bundle.ui-testing";
		};
/* End PBXNativeTarget section */

/* Begin PBXProject section */
		D5D6B7E82696D66200439824 /* Project object */ = {
			isa = PBXProject;
			attributes = {
				LastSwiftUpdateCheck = 1250;
				LastUpgradeCheck = 1250;
				TargetAttributes = {
					D5D6B7EF2696D66200439824 = {
						CreatedOnToolsVersion = 12.5.1;
					};
					D5D6B8052696D66500439824 = {
						CreatedOnToolsVersion = 12.5.1;
						TestTargetID = D5D6B7EF2696D66200439824;
					};
					D5D6B8102696D66500439824 = {
						CreatedOnToolsVersion = 12.5.1;
						TestTargetID = D5D6B7EF2696D66200439824;
					};
				};
			};
			buildConfigurationList = D5D6B7EB2696D66200439824 /* Build configuration list for PBXProject "safe_toolkit_ios" */;
			compatibilityVersion = "Xcode 9.3";
			developmentRegion = en;
			hasScannedForEncodings = 0;
			knownRegions = (
				en,
				Base,
			);
			mainGroup = D5D6B7E72696D66200439824;
			productRefGroup = D5D6B7F12696D66200439824 /* Products */;
			projectDirPath = "";
			projectRoot = "";
			targets = (
				D5D6B7EF2696D66200439824 /* safe_toolkit_ios */,
				D5D6B8052696D66500439824 /* safe_toolkit_iosTests */,
				D5D6B8102696D66500439824 /* safe_toolkit_iosUITests */,
			);
		};
/* End PBXProject section */

/* Begin PBXResourcesBuildPhase section */
		D5D6B7EE2696D66200439824 /* Resources */ = {
			isa = PBXResourcesBuildPhase;
			buildActionMask = 2147483647;
			files = (
				D5D6B8002696D66400439824 /* LaunchScreen.storyboard in Resources */,
				D5D6B7FD2696D66400439824 /* Assets.xcassets in Resources */,
				D5D6B7FB2696D66200439824 /* Main.storyboard in Resources */,
			);
			runOnlyForDeploymentPostprocessing = 0;
		};
		D5D6B8042696D66500439824 /* Resources */ = {
			isa = PBXResourcesBuildPhase;
			buildActionMask = 2147483647;
			files = (
			);
			runOnlyForDeploymentPostprocessing = 0;
		};
		D5D6B80F2696D66500439824 /* Resources */ = {
			isa = PBXResourcesBuildPhase;
			buildActionMask = 2147483647;
			files = (
			);
			runOnlyForDeploymentPostprocessing = 0;
		};
/* End PBXResourcesBuildPhase section */

/* Begin PBXSourcesBuildPhase section */
		D5D6B7EC2696D66200439824 /* Sources */ = {
			isa = PBXSourcesBuildPhase;
			buildActionMask = 2147483647;
			files = (
				D5D6B7F82696D66200439824 /* ViewController.swift in Sources */,
				D5D6B7F42696D66200439824 /* AppDelegate.swift in Sources */,
				D5D6B7F62696D66200439824 /* SceneDelegate.swift in Sources */,
			);
			runOnlyForDeploymentPostprocessing = 0;
		};
		D5D6B8022696D66500439824 /* Sources */ = {
			isa = PBXSourcesBuildPhase;
			buildActionMask = 2147483647;
			files = (
				D5D6B80B2696D66500439824 /* safe_toolkit_iosTests.swift in Sources */,
			);
			runOnlyForDeploymentPostprocessing = 0;
		};
		D5D6B80D2696D66500439824 /* Sources */ = {
			isa = PBXSourcesBuildPhase;
			buildActionMask = 2147483647;
			files = (
				D5D6B8162696D66500439824 /* safe_toolkit_iosUITests.swift in Sources */,
			);
			runOnlyForDeploymentPostprocessing = 0;
		};
/* End PBXSourcesBuildPhase section */

/* Begin PBXTargetDependency section */
		D5D6B8082696D66500439824 /* PBXTargetDependency */ = {
			isa = PBXTargetDependency;
			target = D5D6B7EF2696D66200439824 /* safe_toolkit_ios */;
			targetProxy = D5D6B8072696D66500439824 /* PBXContainerItemProxy */;
		};
		D5D6B8132696D66500439824 /* PBXTargetDependency */ = {
			isa = PBXTargetDependency;
			target = D5D6B7EF2696D66200439824 /* safe_toolkit_ios */;
			targetProxy = D5D6B8122696D66500439824 /* PBXContainerItemProxy */;
		};
/* End PBXTargetDependency section */

/* Begin PBXVariantGroup section */
		D5D6B7F92696D66200439824 /* Main.storyboard */ = {
			isa = PBXVariantGroup;
			children = (
				D5D6B7FA2696D66200439824 /* Base */,
			);
			name = Main.storyboard;
			sourceTree = "<group>";
		};
		D5D6B7FE2696D66400439824 /* LaunchScreen.storyboard */ = {
			isa = PBXVariantGroup;
			children = (
				D5D6B7FF2696D66400439824 /* Base */,
			);
			name = LaunchScreen.storyboard;
			sourceTree = "<group>";
		};
/* End PBXVariantGroup section */

/* Begin XCBuildConfiguration section */
		D5D6B8182696D66500439824 /* Debug */ = {
			isa = XCBuildConfiguration;
			buildSettings = {
				ALWAYS_SEARCH_USER_PATHS = NO;
				CLANG_ANALYZER_NONNULL = YES;
				CLANG_ANALYZER_NUMBER_OBJECT_CONVERSION = YES_AGGRESSIVE;
				CLANG_CXX_LANGUAGE_STANDARD = "gnu++14";
				CLANG_CXX_LIBRARY = "libc++";
				CLANG_ENABLE_MODULES = YES;
				CLANG_ENABLE_OBJC_ARC = YES;
				CLANG_ENABLE_OBJC_WEAK = YES;
				CLANG_WARN_BLOCK_CAPTURE_AUTORELEASING = YES;
				CLANG_WARN_BOOL_CONVERSION = YES;
				CLANG_WARN_COMMA = YES;
				CLANG_WARN_CONSTANT_CONVERSION = YES;
				CLANG_WARN_DEPRECATED_OBJC_IMPLEMENTATIONS = YES;
				CLANG_WARN_DIRECT_OBJC_ISA_USAGE = YES_ERROR;
				CLANG_WARN_DOCUMENTATION_COMMENTS = YES;
				CLANG_WARN_EMPTY_BODY = YES;
				CLANG_WARN_ENUM_CONVERSION = YES;
				CLANG_WARN_INFINITE_RECURSION = YES;
				CLANG_WARN_INT_CONVERSION = YES;
				CLANG_WARN_NON_LITERAL_NULL_CONVERSION = YES;
				CLANG_WARN_OBJC_IMPLICIT_RETAIN_SELF = YES;
				CLANG_WARN_OBJC_LITERAL_CONVERSION = YES;
				CLANG_WARN_OBJC_ROOT_CLASS = YES_ERROR;
				CLANG_WARN_QUOTED_INCLUDE_IN_FRAMEWORK_HEADER = YES;
				CLANG_WARN_RANGE_LOOP_ANALYSIS = YES;
				CLANG_WARN_STRICT_PROTOTYPES = YES;
				CLANG_WARN_SUSPICIOUS_MOVE = YES;
				CLANG_WARN_UNGUARDED_AVAILABILITY = YES_AGGRESSIVE;
				CLANG_WARN_UNREACHABLE_CODE = YES;
				CLANG_WARN__DUPLICATE_METHOD_MATCH = YES;
				COPY_PHASE_STRIP = NO;
				DEBUG_INFORMATION_FORMAT = dwarf;
				ENABLE_STRICT_OBJC_MSGSEND = YES;
				ENABLE_TESTABILITY = YES;
				GCC_C_LANGUAGE_STANDARD = gnu11;
				GCC_DYNAMIC_NO_PIC = NO;
				GCC_NO_COMMON_BLOCKS = YES;
				GCC_OPTIMIZATION_LEVEL = 0;
				GCC_PREPROCESSOR_DEFINITIONS = (
					"DEBUG=1",
					"$(inherited)",
				);
				GCC_WARN_64_TO_32_BIT_CONVERSION = YES;
				GCC_WARN_ABOUT_RETURN_TYPE = YES_ERROR;
				GCC_WARN_UNDECLARED_SELECTOR = YES;
				GCC_WARN_UNINITIALIZED_AUTOS = YES_AGGRESSIVE;
				GCC_WARN_UNUSED_FUNCTION = YES;
				GCC_WARN_UNUSED_VARIABLE = YES;
				IPHONEOS_DEPLOYMENT_TARGET = 14.5;
				MTL_ENABLE_DEBUG_INFO = INCLUDE_SOURCE;
				MTL_FAST_MATH = YES;
				ONLY_ACTIVE_ARCH = YES;
				SDKROOT = iphoneos;
				SWIFT_ACTIVE_COMPILATION_CONDITIONS = DEBUG;
				SWIFT_OPTIMIZATION_LEVEL = "-Onone";
			};
			name = Debug;
		};
		D5D6B8192696D66500439824 /* Release */ = {
			isa = XCBuildConfiguration;
			buildSettings = {
				ALWAYS_SEARCH_USER_PATHS = NO;
				CLANG_ANALYZER_NONNULL = YES;
				CLANG_ANALYZER_NUMBER_OBJECT_CONVERSION = YES_AGGRESSIVE;
				CLANG_CXX_LANGUAGE_STANDARD = "gnu++14";
				CLANG_CXX_LIBRARY = "libc++";
				CLANG_ENABLE_MODULES = YES;
				CLANG_ENABLE_OBJC_ARC = YES;
				CLANG_ENABLE_OBJC_WEAK = YES;
				CLANG_WARN_BLOCK_CAPTURE_AUTORELEASING = YES;
				CLANG_WARN_BOOL_CONVERSION = YES;
				CLANG_WARN_COMMA = YES;
				CLANG_WARN_CONSTANT_CONVERSION = YES;
				CLANG_WARN_DEPRECATED_OBJC_IMPLEMENTATIONS = YES;
				CLANG_WARN_DIRECT_OBJC_ISA_USAGE = YES_ERROR;
				CLANG_WARN_DOCUMENTATION_COMMENTS = YES;
				CLANG_WARN_EMPTY_BODY = YES;
				CLANG_WARN_ENUM_CONVERSION = YES;
				CLANG_WARN_INFINITE_RECURSION = YES;
				CLANG_WARN_INT_CONVERSION = YES;
				CLANG_WARN_NON_LITERAL_NULL_CONVERSION = YES;
				CLANG_WARN_OBJC_IMPLICIT_RETAIN_SELF = YES;
				CLANG_WARN_OBJC_LITERAL_CONVERSION = YES;
				CLANG_WARN_OBJC_ROOT_CLASS = YES_ERROR;
				CLANG_WARN_QUOTED_INCLUDE_IN_FRAMEWORK_HEADER = YES;
				CLANG_WARN_RANGE_LOOP_ANALYSIS = YES;
				CLANG_WARN_STRICT_PROTOTYPES = YES;
				CLANG_WARN_SUSPICIOUS_MOVE = YES;
				CLANG_WARN_UNGUARDED_AVAILABILITY = YES_AGGRESSIVE;
				CLANG_WARN_UNREACHABLE_CODE = YES;
				CLANG_WARN__DUPLICATE_METHOD_MATCH = YES;
				COPY_PHASE_STRIP = NO;
				DEBUG_INFORMATION_FORMAT = "dwarf-with-dsym";
				ENABLE_NS_ASSERTIONS = NO;
				ENABLE_STRICT_OBJC_MSGSEND = YES;
				GCC_C_LANGUAGE_STANDARD = gnu11;
				GCC_NO_COMMON_BLOCKS = YES;
				GCC_WARN_64_TO_32_BIT_CONVERSION = YES;
				GCC_WARN_ABOUT_RETURN_TYPE = YES_ERROR;
				GCC_WARN_UNDECLARED_SELECTOR = YES;
				GCC_WARN_UNINITIALIZED_AUTOS = YES_AGGRESSIVE;
				GCC_WARN_UNUSED_FUNCTION = YES;
				GCC_WARN_UNUSED_VARIABLE = YES;
				IPHONEOS_DEPLOYMENT_TARGET = 14.5;
				MTL_ENABLE_DEBUG_INFO = NO;
				MTL_FAST_MATH = YES;
				SDKROOT = iphoneos;
				SWIFT_COMPILATION_MODE = wholemodule;
				SWIFT_OPTIMIZATION_LEVEL = "-O";
				VALIDATE_PRODUCT = YES;
			};
			name = Release;
		};
		D5D6B81B2696D66500439824 /* Debug */ = {
			isa = XCBuildConfiguration;
			buildSettings = {
				ASSETCATALOG_COMPILER_APPICON_NAME = AppIcon;
				ASSETCATALOG_COMPILER_GLOBAL_ACCENT_COLOR_NAME = AccentColor;
				CODE_SIGN_STYLE = Automatic;
				DEVELOPMENT_TEAM = JKJA97HLP5;
				INFOPLIST_FILE = safe_toolkit_ios/Info.plist;
				LD_RUNPATH_SEARCH_PATHS = (
					"$(inherited)",
					"@executable_path/Frameworks",
				);
				PRODUCT_BUNDLE_IDENTIFIER = "zeta.safe-toolkit-ios";
				PRODUCT_NAME = "$(TARGET_NAME)";
				SWIFT_VERSION = 5.0;
				TARGETED_DEVICE_FAMILY = "1,2";
			};
			name = Debug;
		};
		D5D6B81C2696D66500439824 /* Release */ = {
			isa = XCBuildConfiguration;
			buildSettings = {
				ASSETCATALOG_COMPILER_APPICON_NAME = AppIcon;
				ASSETCATALOG_COMPILER_GLOBAL_ACCENT_COLOR_NAME = AccentColor;
				CODE_SIGN_STYLE = Automatic;
				DEVELOPMENT_TEAM = JKJA97HLP5;
				INFOPLIST_FILE = safe_toolkit_ios/Info.plist;
				LD_RUNPATH_SEARCH_PATHS = (
					"$(inherited)",
					"@executable_path/Frameworks",
				);
				PRODUCT_BUNDLE_IDENTIFIER = "zeta.safe-toolkit-ios";
				PRODUCT_NAME = "$(TARGET_NAME)";
				SWIFT_VERSION = 5.0;
				TARGETED_DEVICE_FAMILY = "1,2";
			};
			name = Release;
		};
		D5D6B81E2696D66500439824 /* Debug */ = {
			isa = XCBuildConfiguration;
			buildSettings = {
				ALWAYS_EMBED_SWIFT_STANDARD_LIBRARIES = YES;
				BUNDLE_LOADER = "$(TEST_HOST)";
				CODE_SIGN_STYLE = Automatic;
				DEVELOPMENT_TEAM = JKJA97HLP5;
				INFOPLIST_FILE = safe_toolkit_iosTests/Info.plist;
				IPHONEOS_DEPLOYMENT_TARGET = 14.5;
				LD_RUNPATH_SEARCH_PATHS = (
					"$(inherited)",
					"@executable_path/Frameworks",
					"@loader_path/Frameworks",
				);
				PRODUCT_BUNDLE_IDENTIFIER = "zeta.safe-toolkit-iosTests";
				PRODUCT_NAME = "$(TARGET_NAME)";
				SWIFT_VERSION = 5.0;
				TARGETED_DEVICE_FAMILY = "1,2";
				TEST_HOST = "$(BUILT_PRODUCTS_DIR)/safe_toolkit_ios.app/safe_toolkit_ios";
			};
			name = Debug;
		};
		D5D6B81F2696D66500439824 /* Release */ = {
			isa = XCBuildConfiguration;
			buildSettings = {
				ALWAYS_EMBED_SWIFT_STANDARD_LIBRARIES = YES;
				BUNDLE_LOADER = "$(TEST_HOST)";
				CODE_SIGN_STYLE = Automatic;
				DEVELOPMENT_TEAM = JKJA97HLP5;
				INFOPLIST_FILE = safe_toolkit_iosTests/Info.plist;
				IPHONEOS_DEPLOYMENT_TARGET = 14.5;
				LD_RUNPATH_SEARCH_PATHS = (
					"$(inherited)",
					"@executable_path/Frameworks",
					"@loader_path/Frameworks",
				);
				PRODUCT_BUNDLE_IDENTIFIER = "zeta.safe-toolkit-iosTests";
				PRODUCT_NAME = "$(TARGET_NAME)";
				SWIFT_VERSION = 5.0;
				TARGETED_DEVICE_FAMILY = "1,2";
				TEST_HOST = "$(BUILT_PRODUCTS_DIR)/safe_toolkit_ios.app/safe_toolkit_ios";
			};
			name = Release;
		};
		D5D6B8212696D66500439824 /* Debug */ = {
			isa = XCBuildConfiguration;
			buildSettings = {
				ALWAYS_EMBED_SWIFT_STANDARD_LIBRARIES = YES;
				CODE_SIGN_STYLE = Automatic;
				DEVELOPMENT_TEAM = JKJA97HLP5;
				INFOPLIST_FILE = safe_toolkit_iosUITests/Info.plist;
				LD_RUNPATH_SEARCH_PATHS = (
					"$(inherited)",
					"@executable_path/Frameworks",
					"@loader_path/Frameworks",
				);
				PRODUCT_BUNDLE_IDENTIFIER = "zeta.safe-toolkit-iosUITests";
				PRODUCT_NAME = "$(TARGET_NAME)";
				SWIFT_VERSION = 5.0;
				TARGETED_DEVICE_FAMILY = "1,2";
				TEST_TARGET_NAME = safe_toolkit_ios;
			};
			name = Debug;
		};
		D5D6B8222696D66500439824 /* Release */ = {
			isa = XCBuildConfiguration;
			buildSettings = {
				ALWAYS_EMBED_SWIFT_STANDARD_LIBRARIES = YES;
				CODE_SIGN_STYLE = Automatic;
				DEVELOPMENT_TEAM = JKJA97HLP5;
				INFOPLIST_FILE = safe_toolkit_iosUITests/Info.plist;
				LD_RUNPATH_SEARCH_PATHS = (
					"$(inherited)",
					"@executable_path/Frameworks",
					"@loader_path/Frameworks",
				);
				PRODUCT_BUNDLE_IDENTIFIER = "zeta.safe-toolkit-iosUITests";
				PRODUCT_NAME = "$(TARGET_NAME)";
				SWIFT_VERSION = 5.0;
				TARGETED_DEVICE_FAMILY = "1,2";
				TEST_TARGET_NAME = safe_toolkit_ios;
			};
			name = Release;
		};
/* End XCBuildConfiguration section */

/* Begin XCConfigurationList section */
		D5D6B7EB2696D66200439824 /* Build configuration list for PBXProject "safe_toolkit_ios" */ = {
			isa = XCConfigurationList;
			buildConfigurations = (
				D5D6B8182696D66500439824 /* Debug */,
				D5D6B8192696D66500439824 /* Release */,
			);
			defaultConfigurationIsVisible = 0;
			defaultConfigurationName = Release;
		};
		D5D6B81A2696D66500439824 /* Build configuration list for PBXNativeTarget "safe_toolkit_ios" */ = {
			isa = XCConfigurationList;
			buildConfigurations = (
				D5D6B81B2696D66500439824 /* Debug */,
				D5D6B81C2696D66500439824 /* Release */,
			);
			defaultConfigurationIsVisible = 0;
			defaultConfigurationName = Release;
		};
		D5D6B81D2696D66500439824 /* Build configuration list for PBXNativeTarget "safe_toolkit_iosTests" */ = {
			isa = XCConfigurationList;
			buildConfigurations = (
				D5D6B81E2696D66500439824 /* Debug */,
				D5D6B81F2696D66500439824 /* Release */,
			);
			defaultConfigurationIsVisible = 0;
			defaultConfigurationName = Release;
		};
		D5D6B8202696D66500439824 /* Build configuration list for PBXNativeTarget "safe_toolkit_iosUITests" */ = {
			isa = XCConfigurationList;
			buildConfigurations = (
				D5D6B8212696D66500439824 /* Debug */,
				D5D6B8222696D66500439824 /* Release */,
			);
			defaultConfigurationIsVisible = 0;
			defaultConfigurationName = Release;
		};
/* End XCConfigurationList section */
	};
	rootObject = D5D6B7E82696D66200439824 /* Project object */;
}
